
Microsoft Visual Studio Solution File, Format Version 12.00
# Visual Studio Version 17
VisualStudioVersion = 17.11.35312.102
MinimumVisualStudioVersion = 10.0.40219.1
Project("{FAE04EC0-301F-11D3-BF4B-00C04F79EFBC}") = "01_MainSubjects", "01_MainSubjects\01_MainSubjects.csproj", "{81AE93B9-4448-43C4-89ED-C67E96CDB07D}"
EndProject
Project("{FAE04EC0-301F-11D3-BF4B-00C04F79EFBC}") = "02_Variables", "02_Variables\02_Variables.csproj", "{89E25858-C23E-4199-9B89-CE3200B589F2}"
EndProject
Project("{FAE04EC0-301F-11D3-BF4B-00C04F79EFBC}") = "03_MakingDecision", "03_MakingDecision\03_MakingDecision.csproj", "{3E13B390-4D8C-4E9E-BC8F-69E0B3331CC9}"
EndProject
Project("{FAE04EC0-301F-11D3-BF4B-00C04F79EFBC}") = "04_Loops", "04_Loops\04_Loops.csproj", "{E2A5C828-FD3B-46AE-95FC-953EAAF6661A}"
EndProject
Project("{FAE04EC0-301F-11D3-BF4B-00C04F79EFBC}") = "05_LoopsWithStars", "05_LoopsWithStars\05_LoopsWithStars.csproj", "{C87A2509-9591-469B-971B-7D86B46CAB52}"
EndProject
Project("{FAE04EC0-301F-11D3-BF4B-00C04F79EFBC}") = "06_Arrays", "06_Arrays\06_Arrays.csproj", "{E69F6052-2696-453C-99B1-E83EA9BE757F}"
EndProject
Project("{FAE04EC0-301F-11D3-BF4B-00C04F79EFBC}") = "07_ForEachLoops", "07_ForEachLoops\07_ForEachLoops.csproj", "{910985F1-7C88-4461-B02A-D3CE12F9EB32}"
EndProject
Global
	GlobalSection(SolutionConfigurationPlatforms) = preSolution
		Debug|Any CPU = Debug|Any CPU
		Release|Any CPU = Release|Any CPU
	EndGlobalSection
	GlobalSection(ProjectConfigurationPlatforms) = postSolution
		{81AE93B9-4448-43C4-89ED-C67E96CDB07D}.Debug|Any CPU.ActiveCfg = Debug|Any CPU
		{81AE93B9-4448-43C4-89ED-C67E96CDB07D}.Debug|Any CPU.Build.0 = Debug|Any CPU
		{81AE93B9-4448-43C4-89ED-C67E96CDB07D}.Release|Any CPU.ActiveCfg = Release|Any CPU
		{81AE93B9-4448-43C4-89ED-C67E96CDB07D}.Release|Any CPU.Build.0 = Release|Any CPU
		{89E25858-C23E-4199-9B89-CE3200B589F2}.Debug|Any CPU.ActiveCfg = Debug|Any CPU
		{89E25858-C23E-4199-9B89-CE3200B589F2}.Debug|Any CPU.Build.0 = Debug|Any CPU
		{89E25858-C23E-4199-9B89-CE3200B589F2}.Release|Any CPU.ActiveCfg = Release|Any CPU
		{89E25858-C23E-4199-9B89-CE3200B589F2}.Release|Any CPU.Build.0 = Release|Any CPU
		{3E13B390-4D8C-4E9E-BC8F-69E0B3331CC9}.Debug|Any CPU.ActiveCfg = Debug|Any CPU
		{3E13B390-4D8C-4E9E-BC8F-69E0B3331CC9}.Debug|Any CPU.Build.0 = Debug|Any CPU
		{3E13B390-4D8C-4E9E-BC8F-69E0B3331CC9}.Release|Any CPU.ActiveCfg = Release|Any CPU
		{3E13B390-4D8C-4E9E-BC8F-69E0B3331CC9}.Release|Any CPU.Build.0 = Release|Any CPU
		{E2A5C828-FD3B-46AE-95FC-953EAAF6661A}.Debug|Any CPU.ActiveCfg = Debug|Any CPU
		{E2A5C828-FD3B-46AE-95FC-953EAAF6661A}.Debug|Any CPU.Build.0 = Debug|Any CPU
		{E2A5C828-FD3B-46AE-95FC-953EAAF6661A}.Release|Any CPU.ActiveCfg = Release|Any CPU
		{E2A5C828-FD3B-46AE-95FC-953EAAF6661A}.Release|Any CPU.Build.0 = Release|Any CPU
		{C87A2509-9591-469B-971B-7D86B46CAB52}.Debug|Any CPU.ActiveCfg = Debug|Any CPU
		{C87A2509-9591-469B-971B-7D86B46CAB52}.Debug|Any CPU.Build.0 = Debug|Any CPU
		{C87A2509-9591-469B-971B-7D86B46CAB52}.Release|Any CPU.ActiveCfg = Release|Any CPU
		{C87A2509-9591-469B-971B-7D86B46CAB52}.Release|Any CPU.Build.0 = Release|Any CPU
		{E69F6052-2696-453C-99B1-E83EA9BE757F}.Debug|Any CPU.ActiveCfg = Debug|Any CPU
		{E69F6052-2696-453C-99B1-E83EA9BE757F}.Debug|Any CPU.Build.0 = Debug|Any CPU
		{E69F6052-2696-453C-99B1-E83EA9BE757F}.Release|Any CPU.ActiveCfg = Release|Any CPU
		{E69F6052-2696-453C-99B1-E83EA9BE757F}.Release|Any CPU.Build.0 = Release|Any CPU
		{910985F1-7C88-4461-B02A-D3CE12F9EB32}.Debug|Any CPU.ActiveCfg = Debug|Any CPU
		{910985F1-7C88-4461-B02A-D3CE12F9EB32}.Debug|Any CPU.Build.0 = Debug|Any CPU
		{910985F1-7C88-4461-B02A-D3CE12F9EB32}.Release|Any CPU.ActiveCfg = Release|Any CPU
		{910985F1-7C88-4461-B02A-D3CE12F9EB32}.Release|Any CPU.Build.0 = Release|Any CPU
	EndGlobalSection
	GlobalSection(SolutionProperties) = preSolution
		HideSolutionNode = FALSE
	EndGlobalSection
	GlobalSection(ExtensibilityGlobals) = postSolution
		SolutionGuid = {86549218-1E88-4BA2-9AF3-2F5CFF811748}
	EndGlobalSection
EndGlobal
